
Microsoft Visual Studio Solution File, Format Version 12.00
# Visual Studio 14
VisualStudioVersion = 14.0.25123.0
MinimumVisualStudioVersion = 10.0.40219.1
Project("{8BC9CEB8-8B4A-11D0-8D11-00A0C91BC942}") = "LzmaLib", "libs\LzmaLib\LzmaLib.vcxproj", "{C72F7F04-8109-485F-88D4-CB5653CB7DDD}"
EndProject
Project("{8BC9CEB8-8B4A-11D0-8D11-00A0C91BC942}") = "CreatePatch", "CreatePatch\CreatePatch.vcxproj", "{7B2587E3-02F9-4777-B70E-9016BEB741C2}"
	ProjectSection(ProjectDependencies) = postProject
		{C72F7F04-8109-485F-88D4-CB5653CB7DDD} = {C72F7F04-8109-485F-88D4-CB5653CB7DDD}
	EndProjectSection
EndProject
Project("{2150E333-8FDC-42A3-9474-1A3956D46DE8}") = "External Libraries", "External Libraries", "{0B1FB26F-3CC9-4639-9208-F8C28D158F04}"
EndProject
Project("{8BC9CEB8-8B4A-11D0-8D11-00A0C91BC942}") = "ApplyPatch", "ApplyPatch\ApplyPatch.vcxproj", "{9DD0592D-6DDC-4434-AF28-3A65E61FC97A}"
	ProjectSection(ProjectDependencies) = postProject
		{C72F7F04-8109-485F-88D4-CB5653CB7DDD} = {C72F7F04-8109-485F-88D4-CB5653CB7DDD}
	EndProjectSection
EndProject
Project("{8BC9CEB8-8B4A-11D0-8D11-00A0C91BC942}") = "VisualCreatePatch", "VisualCreatePatch\VisualCreatePatch.vcxproj", "{33851E19-677D-4BCC-85ED-CBAFC6974B23}"
EndProject
Project("{8BC9CEB8-8B4A-11D0-8D11-00A0C91BC942}") = "ZPatcherLib", "ZPatcherLib\ZPatcherLib.vcxproj", "{A6C9C679-5FC1-4238-8FEB-1C3394B1DE69}"
EndProject
Global
	GlobalSection(SolutionConfigurationPlatforms) = preSolution
		Debug|x64 = Debug|x64
		Debug|x86 = Debug|x86
		Release|x64 = Release|x64
		Release|x86 = Release|x86
	EndGlobalSection
	GlobalSection(ProjectConfigurationPlatforms) = postSolution
		{C72F7F04-8109-485F-88D4-CB5653CB7DDD}.Debug|x64.ActiveCfg = Debug|x64
		{C72F7F04-8109-485F-88D4-CB5653CB7DDD}.Debug|x64.Build.0 = Debug|x64
		{C72F7F04-8109-485F-88D4-CB5653CB7DDD}.Debug|x86.ActiveCfg = Debug|Win32
		{C72F7F04-8109-485F-88D4-CB5653CB7DDD}.Debug|x86.Build.0 = Debug|Win32
		{C72F7F04-8109-485F-88D4-CB5653CB7DDD}.Release|x64.ActiveCfg = Release|x64
		{C72F7F04-8109-485F-88D4-CB5653CB7DDD}.Release|x64.Build.0 = Release|x64
		{C72F7F04-8109-485F-88D4-CB5653CB7DDD}.Release|x86.ActiveCfg = Release|Win32
		{C72F7F04-8109-485F-88D4-CB5653CB7DDD}.Release|x86.Build.0 = Release|Win32
		{7B2587E3-02F9-4777-B70E-9016BEB741C2}.Debug|x64.ActiveCfg = Debug|x64
		{7B2587E3-02F9-4777-B70E-9016BEB741C2}.Debug|x64.Build.0 = Debug|x64
		{7B2587E3-02F9-4777-B70E-9016BEB741C2}.Debug|x86.ActiveCfg = Debug|Win32
		{7B2587E3-02F9-4777-B70E-9016BEB741C2}.Debug|x86.Build.0 = Debug|Win32
		{7B2587E3-02F9-4777-B70E-9016BEB741C2}.Release|x64.ActiveCfg = Release|x64
		{7B2587E3-02F9-4777-B70E-9016BEB741C2}.Release|x64.Build.0 = Release|x64
		{7B2587E3-02F9-4777-B70E-9016BEB741C2}.Release|x86.ActiveCfg = Release|Win32
		{7B2587E3-02F9-4777-B70E-9016BEB741C2}.Release|x86.Build.0 = Release|Win32
		{9DD0592D-6DDC-4434-AF28-3A65E61FC97A}.Debug|x64.ActiveCfg = Debug|x64
		{9DD0592D-6DDC-4434-AF28-3A65E61FC97A}.Debug|x64.Build.0 = Debug|x64
		{9DD0592D-6DDC-4434-AF28-3A65E61FC97A}.Debug|x86.ActiveCfg = Debug|Win32
		{9DD0592D-6DDC-4434-AF28-3A65E61FC97A}.Debug|x86.Build.0 = Debug|Win32
		{9DD0592D-6DDC-4434-AF28-3A65E61FC97A}.Release|x64.ActiveCfg = Release|x64
		{9DD0592D-6DDC-4434-AF28-3A65E61FC97A}.Release|x64.Build.0 = Release|x64
		{9DD0592D-6DDC-4434-AF28-3A65E61FC97A}.Release|x86.ActiveCfg = Release|Win32
		{9DD0592D-6DDC-4434-AF28-3A65E61FC97A}.Release|x86.Build.0 = Release|Win32
		{33851E19-677D-4BCC-85ED-CBAFC6974B23}.Debug|x64.ActiveCfg = Debug|x64
		{33851E19-677D-4BCC-85ED-CBAFC6974B23}.Debug|x64.Build.0 = Debug|x64
		{33851E19-677D-4BCC-85ED-CBAFC6974B23}.Debug|x86.ActiveCfg = Debug|Win32
		{33851E19-677D-4BCC-85ED-CBAFC6974B23}.Debug|x86.Build.0 = Debug|Win32
		{33851E19-677D-4BCC-85ED-CBAFC6974B23}.Release|x64.ActiveCfg = Release|x64
		{33851E19-677D-4BCC-85ED-CBAFC6974B23}.Release|x64.Build.0 = Release|x64
		{33851E19-677D-4BCC-85ED-CBAFC6974B23}.Release|x86.ActiveCfg = Release|Win32
		{33851E19-677D-4BCC-85ED-CBAFC6974B23}.Release|x86.Build.0 = Release|Win32
		{A6C9C679-5FC1-4238-8FEB-1C3394B1DE69}.Debug|x64.ActiveCfg = Debug|x64
		{A6C9C679-5FC1-4238-8FEB-1C3394B1DE69}.Debug|x64.Build.0 = Debug|x64
		{A6C9C679-5FC1-4238-8FEB-1C3394B1DE69}.Debug|x86.ActiveCfg = Debug|Win32
		{A6C9C679-5FC1-4238-8FEB-1C3394B1DE69}.Debug|x86.Build.0 = Debug|Win32
		{A6C9C679-5FC1-4238-8FEB-1C3394B1DE69}.Release|x64.ActiveCfg = Release|x64
		{A6C9C679-5FC1-4238-8FEB-1C3394B1DE69}.Release|x64.Build.0 = Release|x64
		{A6C9C679-5FC1-4238-8FEB-1C3394B1DE69}.Release|x86.ActiveCfg = Release|Win32
		{A6C9C679-5FC1-4238-8FEB-1C3394B1DE69}.Release|x86.Build.0 = Release|Win32
	EndGlobalSection
	GlobalSection(SolutionProperties) = preSolution
		HideSolutionNode = FALSE
	EndGlobalSection
	GlobalSection(NestedProjects) = preSolution
		{C72F7F04-8109-485F-88D4-CB5653CB7DDD} = {0B1FB26F-3CC9-4639-9208-F8C28D158F04}
	EndGlobalSection
EndGlobal
