<?xml version="1.0" encoding="utf-8"?>
<Project ToolsVersion="4.0" xmlns="http://schemas.microsoft.com/developer/msbuild/2003">
  <ItemGroup>
    <Filter Include="Spec">
      <UniqueIdentifier>{3e4ebd80-8b3a-4833-bbdf-1b1a8c5df207}</UniqueIdentifier>
    </Filter>
  </ItemGroup>
  <ItemGroup>
    <ClCompile Include="source\LzmaLibExports.c">
      <Filter>Spec</Filter>
    </ClCompile>
    <ClCompile Include="source\Alloc.c" />
    <ClCompile Include="source\LzFind.c" />
    <ClCompile Include="source\LzFindMt.c" />
    <ClCompile Include="source\LzmaDec.c" />
    <ClCompile Include="source\LzmaEnc.c" />
    <ClCompile Include="source\LzmaLib.c" />
    <ClCompile Include="source\Threads.c" />
    <ClCompile Include="source\Lzma2Dec.c" />
    <ClCompile Include="source\Lzma2Enc.c" />
    <ClCompile Include="source\MtCoder.c" />
    <ClCompile Include="source\MtDec.c" />
    <ClCompile Include="source\7zAlloc.c" />
    <ClCompile Include="source\7zArcIn.c" />
    <ClCompile Include="source\7zBuf.c" />
    <ClCompile Include="source\7zBuf2.c" />
    <ClCompile Include="source\7zCrc.c" />
    <ClCompile Include="source\7zCrcOpt.c" />
    <ClCompile Include="source\7zDec.c" />
    <ClCompile Include="source\7zFile.c" />
    <ClCompile Include="source\7zStream.c" />
    <ClCompile Include="source\Aes.c" />
    <ClCompile Include="source\AesOpt.c" />
    <ClCompile Include="source\Bcj2.c" />
    <ClCompile Include="source\Bcj2Enc.c" />
    <ClCompile Include="source\Bra.c" />
    <ClCompile Include="source\Bra86.c" />
    <ClCompile Include="source\BraIA64.c" />
    <ClCompile Include="source\CpuArch.c" />
    <ClCompile Include="source\Delta.c" />
    <ClCompile Include="source\DllSecur.c" />
    <ClCompile Include="source\LzFindOpt.c" />
    <ClCompile Include="source\Lzma2DecMt.c" />
    <ClCompile Include="source\Lzma86Dec.c" />
    <ClCompile Include="source\Lzma86Enc.c" />
    <ClCompile Include="source\Ppmd7.c" />
    <ClCompile Include="source\Ppmd7Dec.c" />
    <ClCompile Include="source\Ppmd7Enc.c" />
    <ClCompile Include="source\Sha256.c" />
    <ClCompile Include="source\Sha256Opt.c" />
    <ClCompile Include="source\Sort.c" />
    <ClCompile Include="source\Xz.c" />
    <ClCompile Include="source\XzCrc64.c" />
    <ClCompile Include="source\XzCrc64Opt.c" />
    <ClCompile Include="source\XzDec.c" />
    <ClCompile Include="source\XzEnc.c" />
    <ClCompile Include="source\XzIn.c" />
  </ItemGroup>
  <ItemGroup>
    <ClInclude Include="source\7zTypes.h" />
    <ClInclude Include="source\Alloc.h" />
    <ClInclude Include="source\IStream.h" />
    <ClInclude Include="source\LzFind.h" />
    <ClInclude Include="source\LzFindMt.h" />
    <ClInclude Include="source\LzHash.h" />
    <ClInclude Include="source\LzmaDec.h" />
    <ClInclude Include="source\LzmaEnc.h" />
    <ClInclude Include="source\LzmaLib.h" />
    <ClInclude Include="source\Threads.h" />
    <ClInclude Include="source\Lzma2Dec.h" />
    <ClInclude Include="source\Lzma2Enc.h" />
    <ClInclude Include="source\MtCoder.h" />
    <ClInclude Include="source\MtDec.h" />
    <ClInclude Include="source\7z.h" />
    <ClInclude Include="source\7zAlloc.h" />
    <ClInclude Include="source\7zBuf.h" />
    <ClInclude Include="source\7zCrc.h" />
    <ClInclude Include="source\7zFile.h" />
    <ClInclude Include="source\7zVersion.h" />
    <ClInclude Include="source\Aes.h" />
    <ClInclude Include="source\Bcj2.h" />
    <ClInclude Include="source\Bra.h" />
    <ClInclude Include="source\Compiler.h" />
    <ClInclude Include="source\CpuArch.h" />
    <ClInclude Include="source\Delta.h" />
    <ClInclude Include="source\DllSecur.h" />
    <ClInclude Include="source\Lzma2DecMt.h" />
    <ClInclude Include="source\Lzma86.h" />
    <ClInclude Include="source\Ppmd.h" />
    <ClInclude Include="source\Ppmd7.h" />
    <ClInclude Include="source\Precomp.h" />
    <ClInclude Include="source\RotateDefs.h" />
    <ClInclude Include="source\Sha256.h" />
    <ClInclude Include="source\Sort.h" />
    <ClInclude Include="source\Xz.h" />
    <ClInclude Include="source\XzCrc64.h" />
    <ClInclude Include="source\XzEnc.h" />
  </ItemGroup>
  <ItemGroup>
    <ResourceCompile Include="source\resource.rc" />
  </ItemGroup>
  <ItemGroup>
    <CustomBuild Include="source\LzmaLib.def">
      <Filter>Spec</Filter>
    </CustomBuild>
  </ItemGroup>
</Project>