<?xml version="1.0" encoding="utf-8"?>
<Project ToolsVersion="4.0" xmlns="http://schemas.microsoft.com/developer/msbuild/2003">
  <ItemGroup>
    <Filter Include="Source Files">
      <UniqueIdentifier>{4FC737F1-C7A5-4376-A066-2A32D752A2FF}</UniqueIdentifier>
      <Extensions>cpp;c;cc;cxx;def;odl;idl;hpj;bat;asm;asmx</Extensions>
    </Filter>
    <Filter Include="Header Files">
      <UniqueIdentifier>{93995380-89BD-4b04-88EB-625FBE52EBFB}</UniqueIdentifier>
      <Extensions>h;hh;hpp;hxx;hm;inl;inc;xsd</Extensions>
    </Filter>
    <Filter Include="Resource Files">
      <UniqueIdentifier>{67DA6AB6-F800-4c08-8B7A-83BB121AAD01}</UniqueIdentifier>
      <Extensions>rc;ico;cur;bmp;dlg;rc2;rct;bin;rgs;gif;jpg;jpeg;jpe;resx;tiff;tif;png;wav;mfcribbon-ms</Extensions>
    </Filter>
    <Filter Include="ZPatcherCommon">
      <UniqueIdentifier>{dcf8b5e3-8352-46e3-83f4-4354fe22f789}</UniqueIdentifier>
    </Filter>
    <Filter Include="ZPatcherCommon\Header Files">
      <UniqueIdentifier>{996145bc-0e2e-4586-a56d-1dd1d9be6888}</UniqueIdentifier>
    </Filter>
    <Filter Include="ZPatcherCommon\Source Files">
      <UniqueIdentifier>{ac92fb9f-e836-4809-ae37-db4bcf37f815}</UniqueIdentifier>
    </Filter>
  </ItemGroup>
  <ItemGroup>
    <Text Include="ReadMe.txt" />
  </ItemGroup>
  <ItemGroup>
    <ClInclude Include="stdafx.h">
      <Filter>Header Files</Filter>
    </ClInclude>
    <ClInclude Include="targetver.h">
      <Filter>Header Files</Filter>
    </ClInclude>
    <ClInclude Include="..\ZPatcherCommon\CreatePatch.h">
      <Filter>ZPatcherCommon\Header Files</Filter>
    </ClInclude>
    <ClInclude Include="..\ZPatcherCommon\dirent.h">
      <Filter>ZPatcherCommon\Header Files</Filter>
    </ClInclude>
    <ClInclude Include="..\ZPatcherCommon\FileUtils.h">
      <Filter>ZPatcherCommon\Header Files</Filter>
    </ClInclude>
    <ClInclude Include="..\ZPatcherCommon\Lzma2Decoder.h">
      <Filter>ZPatcherCommon\Header Files</Filter>
    </ClInclude>
    <ClInclude Include="..\ZPatcherCommon\Lzma2Encoder.h">
      <Filter>ZPatcherCommon\Header Files</Filter>
    </ClInclude>
    <ClInclude Include="..\ZPatcherCommon\LzmaInterfaces.h">
      <Filter>ZPatcherCommon\Header Files</Filter>
    </ClInclude>
    <ClInclude Include="..\ZPatcherCommon\ZPatcherCurrentVersion.h">
      <Filter>ZPatcherCommon\Header Files</Filter>
    </ClInclude>
  </ItemGroup>
  <ItemGroup>
    <ClCompile Include="stdafx.cpp">
      <Filter>Source Files</Filter>
    </ClCompile>
    <ClCompile Include="Main.cpp">
      <Filter>Source Files</Filter>
    </ClCompile>
    <ClCompile Include="..\ZPatcherCommon\CreatePatch.cpp">
      <Filter>ZPatcherCommon\Source Files</Filter>
    </ClCompile>
    <ClCompile Include="..\ZPatcherCommon\FileUtils.cpp">
      <Filter>ZPatcherCommon\Source Files</Filter>
    </ClCompile>
    <ClCompile Include="..\ZPatcherCommon\Lzma2Decoder.cpp">
      <Filter>ZPatcherCommon\Source Files</Filter>
    </ClCompile>
    <ClCompile Include="..\ZPatcherCommon\Lzma2Encoder.cpp">
      <Filter>ZPatcherCommon\Source Files</Filter>
    </ClCompile>
    <ClCompile Include="..\ZPatcherCommon\LzmaInterfaces.cpp">
      <Filter>ZPatcherCommon\Source Files</Filter>
    </ClCompile>
  </ItemGroup>
</Project>